
Microsoft Visual Studio Solution File, Format Version 12.00
# Visual Studio Version 17
VisualStudioVersion = 17.8.34330.188
MinimumVisualStudioVersion = 10.0.40219.1
Project("{FAE04EC0-301F-11D3-BF4B-00C04F79EFBC}") = "GameMidterm", "GameMidterm.csproj", "{F28D8AF7-1B51-4746-AAED-F2ACF6B7D930}"
EndProject
Global
	GlobalSection(SolutionConfigurationPlatforms) = preSolution
		Debug|Any CPU = Debug|Any CPU
		Release|Any CPU = Release|Any CPU
	EndGlobalSection
	GlobalSection(ProjectConfigurationPlatforms) = postSolution
		{F28D8AF7-1B51-4746-AAED-F2ACF6B7D930}.Debug|Any CPU.ActiveCfg = Debug|Any CPU
		{F28D8AF7-1B51-4746-AAED-F2ACF6B7D930}.Debug|Any CPU.Build.0 = Debug|Any CPU
		{F28D8AF7-1B51-4746-AAED-F2ACF6B7D930}.Release|Any CPU.ActiveCfg = Release|Any CPU
		{F28D8AF7-1B51-4746-AAED-F2ACF6B7D930}.Release|Any CPU.Build.0 = Release|Any CPU
	EndGlobalSection
	GlobalSection(SolutionProperties) = preSolution
		HideSolutionNode = FALSE
	EndGlobalSection
	GlobalSection(ExtensibilityGlobals) = postSolution
		SolutionGuid = {0BC23305-8795-4BCC-BFF1-04AA493CE44C}
	EndGlobalSection
EndGlobal
